// !$*UTF8*$!
{
	archiveVersion = 1;
	classes = {
	};
	objectVersion = 56;
	objects = {

/* Begin PBXBuildFile section */
		8BE650F529B1D17A008B7CCB /* AppDelegate.swift in Sources */ = {isa = PBXBuildFile; fileRef = 8BE650F429B1D17A008B7CCB /* AppDelegate.swift */; };
		8BE650F729B1D17A008B7CCB /* SceneDelegate.swift in Sources */ = {isa = PBXBuildFile; fileRef = 8BE650F629B1D17A008B7CCB /* SceneDelegate.swift */; };
		8BE650F929B1D17A008B7CCB /* ViewController.swift in Sources */ = {isa = PBXBuildFile; fileRef = 8BE650F829B1D17A008B7CCB /* ViewController.swift */; };
		8BE650FC29B1D17A008B7CCB /* Main.storyboard in Resources */ = {isa = PBXBuildFile; fileRef = 8BE650FA29B1D17A008B7CCB /* Main.storyboard */; };
		8BE650FE29B1D17B008B7CCB /* Assets.xcassets in Resources */ = {isa = PBXBuildFile; fileRef = 8BE650FD29B1D17B008B7CCB /* Assets.xcassets */; };
		8BE6510129B1D17B008B7CCB /* LaunchScreen.storyboard in Resources */ = {isa = PBXBuildFile; fileRef = 8BE650FF29B1D17B008B7CCB /* LaunchScreen.storyboard */; };
		8BE6510929B1D29A008B7CCB /* CustomCircleView.xib in Resources */ = {isa = PBXBuildFile; fileRef = 8BE6510829B1D29A008B7CCB /* CustomCircleView.xib */; };
		8BE6510B29B1D2E1008B7CCB /* CustomCircleView.swift in Sources */ = {isa = PBXBuildFile; fileRef = 8BE6510A29B1D2E1008B7CCB /* CustomCircleView.swift */; };
/* End PBXBuildFile section */

/* Begin PBXFileReference section */
		8BE650F129B1D17A008B7CCB /* BubbleGameTest.app */ = {isa = PBXFileReference; explicitFileType = wrapper.application; includeInIndex = 0; path = BubbleGameTest.app; sourceTree = BUILT_PRODUCTS_DIR; };
		8BE650F429B1D17A008B7CCB /* AppDelegate.swift */ = {isa = PBXFileReference; lastKnownFileType = sourcecode.swift; path = AppDelegate.swift; sourceTree = "<group>"; };
		8BE650F629B1D17A008B7CCB /* SceneDelegate.swift */ = {isa = PBXFileReference; lastKnownFileType = sourcecode.swift; path = SceneDelegate.swift; sourceTree = "<group>"; };
		8BE650F829B1D17A008B7CCB /* ViewController.swift */ = {isa = PBXFileReference; lastKnownFileType = sourcecode.swift; path = ViewController.swift; sourceTree = "<group>"; };
		8BE650FB29B1D17A008B7CCB /* Base */ = {isa = PBXFileReference; lastKnownFileType = file.storyboard; name = Base; path = Base.lproj/Main.storyboard; sourceTree = "<group>"; };
		8BE650FD29B1D17B008B7CCB /* Assets.xcassets */ = {isa = PBXFileReference; lastKnownFileType = folder.assetcatalog; path = Assets.xcassets; sourceTree = "<group>"; };
		8BE6510029B1D17B008B7CCB /* Base */ = {isa = PBXFileReference; lastKnownFileType = file.storyboard; name = Base; path = Base.lproj/LaunchScreen.storyboard; sourceTree = "<group>"; };
		8BE6510229B1D17B008B7CCB /* Info.plist */ = {isa = PBXFileReference; lastKnownFileType = text.plist.xml; path = Info.plist; sourceTree = "<group>"; };
		8BE6510829B1D29A008B7CCB /* CustomCircleView.xib */ = {isa = PBXFileReference; lastKnownFileType = file.xib; path = CustomCircleView.xib; sourceTree = "<group>"; };
		8BE6510A29B1D2E1008B7CCB /* CustomCircleView.swift */ = {isa = PBXFileReference; lastKnownFileType = sourcecode.swift; path = CustomCircleView.swift; sourceTree = "<group>"; };
/* End PBXFileReference section */

/* Begin PBXFrameworksBuildPhase section */
		8BE650EE29B1D179008B7CCB /* Frameworks */ = {
			isa = PBXFrameworksBuildPhase;
			buildActionMask = 2147483647;
			files = (
			);
			runOnlyForDeploymentPostprocessing = 0;
		};
/* End PBXFrameworksBuildPhase section */

/* Begin PBXGroup section */
		8B00734B29B1ECF7001878FC /* Presentation */ = {
			isa = PBXGroup;
			children = (
				8B00734F29B1ED37001878FC /* LaunchScreen */,
				8B00734C29B1ED01001878FC /* GameScreen */,
			);
			path = Presentation;
			sourceTree = "<group>";
		};
		8B00734C29B1ED01001878FC /* GameScreen */ = {
			isa = PBXGroup;
			children = (
				8B00735029B1ED44001878FC /* Helpers */,
				8BE650FA29B1D17A008B7CCB /* Main.storyboard */,
				8BE650F829B1D17A008B7CCB /* ViewController.swift */,
			);
			path = GameScreen;
			sourceTree = "<group>";
		};
		8B00734E29B1ED22001878FC /* Application */ = {
			isa = PBXGroup;
			children = (
				8BE650F429B1D17A008B7CCB /* AppDelegate.swift */,
				8BE650F629B1D17A008B7CCB /* SceneDelegate.swift */,
			);
			path = Application;
			sourceTree = "<group>";
		};
		8B00734F29B1ED37001878FC /* LaunchScreen */ = {
			isa = PBXGroup;
			children = (
				8BE650FF29B1D17B008B7CCB /* LaunchScreen.storyboard */,
			);
			path = LaunchScreen;
			sourceTree = "<group>";
		};
		8B00735029B1ED44001878FC /* Helpers */ = {
			isa = PBXGroup;
			children = (
				8BE6510A29B1D2E1008B7CCB /* CustomCircleView.swift */,
				8BE6510829B1D29A008B7CCB /* CustomCircleView.xib */,
			);
			path = Helpers;
			sourceTree = "<group>";
		};
		8B00735129B1ED6B001878FC /* Resourses */ = {
			isa = PBXGroup;
			children = (
				8BE650FD29B1D17B008B7CCB /* Assets.xcassets */,
				8BE6510229B1D17B008B7CCB /* Info.plist */,
			);
			path = Resourses;
			sourceTree = "<group>";
		};
		8BE650E829B1D179008B7CCB = {
			isa = PBXGroup;
			children = (
				8BE650F329B1D17A008B7CCB /* BubbleGameTest */,
				8BE650F229B1D17A008B7CCB /* Products */,
			);
			sourceTree = "<group>";
		};
		8BE650F229B1D17A008B7CCB /* Products */ = {
			isa = PBXGroup;
			children = (
				8BE650F129B1D17A008B7CCB /* BubbleGameTest.app */,
			);
			name = Products;
			sourceTree = "<group>";
		};
		8BE650F329B1D17A008B7CCB /* BubbleGameTest */ = {
			isa = PBXGroup;
			children = (
				8B00734E29B1ED22001878FC /* Application */,
				8B00734B29B1ECF7001878FC /* Presentation */,
				8B00735129B1ED6B001878FC /* Resourses */,
			);
			path = BubbleGameTest;
			sourceTree = "<group>";
		};
/* End PBXGroup section */

/* Begin PBXNativeTarget section */
		8BE650F029B1D179008B7CCB /* BubbleGameTest */ = {
			isa = PBXNativeTarget;
			buildConfigurationList = 8BE6510529B1D17B008B7CCB /* Build configuration list for PBXNativeTarget "BubbleGameTest" */;
			buildPhases = (
				8BE650ED29B1D179008B7CCB /* Sources */,
				8BE650EE29B1D179008B7CCB /* Frameworks */,
				8BE650EF29B1D179008B7CCB /* Resources */,
			);
			buildRules = (
			);
			dependencies = (
			);
			name = BubbleGameTest;
			productName = BubbleGameTest;
			productReference = 8BE650F129B1D17A008B7CCB /* BubbleGameTest.app */;
			productType = "com.apple.product-type.application";
		};
/* End PBXNativeTarget section */

/* Begin PBXProject section */
		8BE650E929B1D179008B7CCB /* Project object */ = {
			isa = PBXProject;
			attributes = {
				BuildIndependentTargetsInParallel = 1;
				LastSwiftUpdateCheck = 1420;
				LastUpgradeCheck = 1420;
				TargetAttributes = {
					8BE650F029B1D179008B7CCB = {
						CreatedOnToolsVersion = 14.2;
					};
				};
			};
			buildConfigurationList = 8BE650EC29B1D179008B7CCB /* Build configuration list for PBXProject "BubbleGameTest" */;
			compatibilityVersion = "Xcode 14.0";
			developmentRegion = en;
			hasScannedForEncodings = 0;
			knownRegions = (
				en,
				Base,
			);
			mainGroup = 8BE650E829B1D179008B7CCB;
			productRefGroup = 8BE650F229B1D17A008B7CCB /* Products */;
			projectDirPath = "";
			projectRoot = "";
			targets = (
				8BE650F029B1D179008B7CCB /* BubbleGameTest */,
			);
		};
/* End PBXProject section */

/* Begin PBXResourcesBuildPhase section */
		8BE650EF29B1D179008B7CCB /* Resources */ = {
			isa = PBXResourcesBuildPhase;
			buildActionMask = 2147483647;
			files = (
				8BE6510129B1D17B008B7CCB /* LaunchScreen.storyboard in Resources */,
				8BE6510929B1D29A008B7CCB /* CustomCircleView.xib in Resources */,
				8BE650FE29B1D17B008B7CCB /* Assets.xcassets in Resources */,
				8BE650FC29B1D17A008B7CCB /* Main.storyboard in Resources */,
			);
			runOnlyForDeploymentPostprocessing = 0;
		};
/* End PBXResourcesBuildPhase section */

/* Begin PBXSourcesBuildPhase section */
		8BE650ED29B1D179008B7CCB /* Sources */ = {
			isa = PBXSourcesBuildPhase;
			buildActionMask = 2147483647;
			files = (
				8BE650F929B1D17A008B7CCB /* ViewController.swift in Sources */,
				8BE6510B29B1D2E1008B7CCB /* CustomCircleView.swift in Sources */,
				8BE650F529B1D17A008B7CCB /* AppDelegate.swift in Sources */,
				8BE650F729B1D17A008B7CCB /* SceneDelegate.swift in Sources */,
			);
			runOnlyForDeploymentPostprocessing = 0;
		};
/* End PBXSourcesBuildPhase section */

/* Begin PBXVariantGroup section */
		8BE650FA29B1D17A008B7CCB /* Main.storyboard */ = {
			isa = PBXVariantGroup;
			children = (
				8BE650FB29B1D17A008B7CCB /* Base */,
			);
			name = Main.storyboard;
			sourceTree = "<group>";
		};
		8BE650FF29B1D17B008B7CCB /* LaunchScreen.storyboard */ = {
			isa = PBXVariantGroup;
			children = (
				8BE6510029B1D17B008B7CCB /* Base */,
			);
			name = LaunchScreen.storyboard;
			sourceTree = "<group>";
		};
/* End PBXVariantGroup section */

/* Begin XCBuildConfiguration section */
		8BE6510329B1D17B008B7CCB /* Debug */ = {
			isa = XCBuildConfiguration;
			buildSettings = {
				ALWAYS_SEARCH_USER_PATHS = NO;
				CLANG_ANALYZER_NONNULL = YES;
				CLANG_ANALYZER_NUMBER_OBJECT_CONVERSION = YES_AGGRESSIVE;
				CLANG_CXX_LANGUAGE_STANDARD = "gnu++20";
				CLANG_ENABLE_MODULES = YES;
				CLANG_ENABLE_OBJC_ARC = YES;
				CLANG_ENABLE_OBJC_WEAK = YES;
				CLANG_WARN_BLOCK_CAPTURE_AUTORELEASING = YES;
				CLANG_WARN_BOOL_CONVERSION = YES;
				CLANG_WARN_COMMA = YES;
				CLANG_WARN_CONSTANT_CONVERSION = YES;
				CLANG_WARN_DEPRECATED_OBJC_IMPLEMENTATIONS = YES;
				CLANG_WARN_DIRECT_OBJC_ISA_USAGE = YES_ERROR;
				CLANG_WARN_DOCUMENTATION_COMMENTS = YES;
				CLANG_WARN_EMPTY_BODY = YES;
				CLANG_WARN_ENUM_CONVERSION = YES;
				CLANG_WARN_INFINITE_RECURSION = YES;
				CLANG_WARN_INT_CONVERSION = YES;
				CLANG_WARN_NON_LITERAL_NULL_CONVERSION = YES;
				CLANG_WARN_OBJC_IMPLICIT_RETAIN_SELF = YES;
				CLANG_WARN_OBJC_LITERAL_CONVERSION = YES;
				CLANG_WARN_OBJC_ROOT_CLASS = YES_ERROR;
				CLANG_WARN_QUOTED_INCLUDE_IN_FRAMEWORK_HEADER = YES;
				CLANG_WARN_RANGE_LOOP_ANALYSIS = YES;
				CLANG_WARN_STRICT_PROTOTYPES = YES;
				CLANG_WARN_SUSPICIOUS_MOVE = YES;
				CLANG_WARN_UNGUARDED_AVAILABILITY = YES_AGGRESSIVE;
				CLANG_WARN_UNREACHABLE_CODE = YES;
				CLANG_WARN__DUPLICATE_METHOD_MATCH = YES;
				COPY_PHASE_STRIP = NO;
				DEBUG_INFORMATION_FORMAT = dwarf;
				ENABLE_STRICT_OBJC_MSGSEND = YES;
				ENABLE_TESTABILITY = YES;
				GCC_C_LANGUAGE_STANDARD = gnu11;
				GCC_DYNAMIC_NO_PIC = NO;
				GCC_NO_COMMON_BLOCKS = YES;
				GCC_OPTIMIZATION_LEVEL = 0;
				GCC_PREPROCESSOR_DEFINITIONS = (
					"DEBUG=1",
					"$(inherited)",
				);
				GCC_WARN_64_TO_32_BIT_CONVERSION = YES;
				GCC_WARN_ABOUT_RETURN_TYPE = YES_ERROR;
				GCC_WARN_UNDECLARED_SELECTOR = YES;
				GCC_WARN_UNINITIALIZED_AUTOS = YES_AGGRESSIVE;
				GCC_WARN_UNUSED_FUNCTION = YES;
				GCC_WARN_UNUSED_VARIABLE = YES;
				IPHONEOS_DEPLOYMENT_TARGET = 16.2;
				MTL_ENABLE_DEBUG_INFO = INCLUDE_SOURCE;
				MTL_FAST_MATH = YES;
				ONLY_ACTIVE_ARCH = YES;
				SDKROOT = iphoneos;
				SWIFT_ACTIVE_COMPILATION_CONDITIONS = DEBUG;
				SWIFT_OPTIMIZATION_LEVEL = "-Onone";
			};
			name = Debug;
		};
		8BE6510429B1D17B008B7CCB /* Release */ = {
			isa = XCBuildConfiguration;
			buildSettings = {
				ALWAYS_SEARCH_USER_PATHS = NO;
				CLANG_ANALYZER_NONNULL = YES;
				CLANG_ANALYZER_NUMBER_OBJECT_CONVERSION = YES_AGGRESSIVE;
				CLANG_CXX_LANGUAGE_STANDARD = "gnu++20";
				CLANG_ENABLE_MODULES = YES;
				CLANG_ENABLE_OBJC_ARC = YES;
				CLANG_ENABLE_OBJC_WEAK = YES;
				CLANG_WARN_BLOCK_CAPTURE_AUTORELEASING = YES;
				CLANG_WARN_BOOL_CONVERSION = YES;
				CLANG_WARN_COMMA = YES;
				CLANG_WARN_CONSTANT_CONVERSION = YES;
				CLANG_WARN_DEPRECATED_OBJC_IMPLEMENTATIONS = YES;
				CLANG_WARN_DIRECT_OBJC_ISA_USAGE = YES_ERROR;
				CLANG_WARN_DOCUMENTATION_COMMENTS = YES;
				CLANG_WARN_EMPTY_BODY = YES;
				CLANG_WARN_ENUM_CONVERSION = YES;
				CLANG_WARN_INFINITE_RECURSION = YES;
				CLANG_WARN_INT_CONVERSION = YES;
				CLANG_WARN_NON_LITERAL_NULL_CONVERSION = YES;
				CLANG_WARN_OBJC_IMPLICIT_RETAIN_SELF = YES;
				CLANG_WARN_OBJC_LITERAL_CONVERSION = YES;
				CLANG_WARN_OBJC_ROOT_CLASS = YES_ERROR;
				CLANG_WARN_QUOTED_INCLUDE_IN_FRAMEWORK_HEADER = YES;
				CLANG_WARN_RANGE_LOOP_ANALYSIS = YES;
				CLANG_WARN_STRICT_PROTOTYPES = YES;
				CLANG_WARN_SUSPICIOUS_MOVE = YES;
				CLANG_WARN_UNGUARDED_AVAILABILITY = YES_AGGRESSIVE;
				CLANG_WARN_UNREACHABLE_CODE = YES;
				CLANG_WARN__DUPLICATE_METHOD_MATCH = YES;
				COPY_PHASE_STRIP = NO;
				DEBUG_INFORMATION_FORMAT = "dwarf-with-dsym";
				ENABLE_NS_ASSERTIONS = NO;
				ENABLE_STRICT_OBJC_MSGSEND = YES;
				GCC_C_LANGUAGE_STANDARD = gnu11;
				GCC_NO_COMMON_BLOCKS = YES;
				GCC_WARN_64_TO_32_BIT_CONVERSION = YES;
				GCC_WARN_ABOUT_RETURN_TYPE = YES_ERROR;
				GCC_WARN_UNDECLARED_SELECTOR = YES;
				GCC_WARN_UNINITIALIZED_AUTOS = YES_AGGRESSIVE;
				GCC_WARN_UNUSED_FUNCTION = YES;
				GCC_WARN_UNUSED_VARIABLE = YES;
				IPHONEOS_DEPLOYMENT_TARGET = 16.2;
				MTL_ENABLE_DEBUG_INFO = NO;
				MTL_FAST_MATH = YES;
				SDKROOT = iphoneos;
				SWIFT_COMPILATION_MODE = wholemodule;
				SWIFT_OPTIMIZATION_LEVEL = "-O";
				VALIDATE_PRODUCT = YES;
			};
			name = Release;
		};
		8BE6510629B1D17B008B7CCB /* Debug */ = {
			isa = XCBuildConfiguration;
			buildSettings = {
				ASSETCATALOG_COMPILER_APPICON_NAME = AppIcon;
				ASSETCATALOG_COMPILER_GLOBAL_ACCENT_COLOR_NAME = AccentColor;
				CODE_SIGN_STYLE = Automatic;
				CURRENT_PROJECT_VERSION = 1;
				DEVELOPMENT_TEAM = TH3HNHXAQ2;
				GENERATE_INFOPLIST_FILE = YES;
				INFOPLIST_FILE = BubbleGameTest/Resourses/Info.plist;
				INFOPLIST_KEY_UIApplicationSupportsIndirectInputEvents = YES;
				INFOPLIST_KEY_UILaunchStoryboardName = LaunchScreen;
				INFOPLIST_KEY_UIMainStoryboardFile = Main;
				INFOPLIST_KEY_UISupportedInterfaceOrientations_iPad = "UIInterfaceOrientationPortrait UIInterfaceOrientationPortraitUpsideDown UIInterfaceOrientationLandscapeLeft UIInterfaceOrientationLandscapeRight";
				INFOPLIST_KEY_UISupportedInterfaceOrientations_iPhone = "UIInterfaceOrientationPortrait UIInterfaceOrientationLandscapeLeft UIInterfaceOrientationLandscapeRight";
				LD_RUNPATH_SEARCH_PATHS = (
					"$(inherited)",
					"@executable_path/Frameworks",
				);
				MARKETING_VERSION = 1.0;
				PRODUCT_BUNDLE_IDENTIFIER = ru.vladislav.BubbleGameTest;
				PRODUCT_NAME = "$(TARGET_NAME)";
				SWIFT_EMIT_LOC_STRINGS = YES;
				SWIFT_VERSION = 5.0;
				TARGETED_DEVICE_FAMILY = "1,2";
			};
			name = Debug;
		};
		8BE6510729B1D17B008B7CCB /* Release */ = {
			isa = XCBuildConfiguration;
			buildSettings = {
				ASSETCATALOG_COMPILER_APPICON_NAME = AppIcon;
				ASSETCATALOG_COMPILER_GLOBAL_ACCENT_COLOR_NAME = AccentColor;
				CODE_SIGN_STYLE = Automatic;
				CURRENT_PROJECT_VERSION = 1;
				DEVELOPMENT_TEAM = TH3HNHXAQ2;
				GENERATE_INFOPLIST_FILE = YES;
				INFOPLIST_FILE = BubbleGameTest/Resourses/Info.plist;
				INFOPLIST_KEY_UIApplicationSupportsIndirectInputEvents = YES;
				INFOPLIST_KEY_UILaunchStoryboardName = LaunchScreen;
				INFOPLIST_KEY_UIMainStoryboardFile = Main;
				INFOPLIST_KEY_UISupportedInterfaceOrientations_iPad = "UIInterfaceOrientationPortrait UIInterfaceOrientationPortraitUpsideDown UIInterfaceOrientationLandscapeLeft UIInterfaceOrientationLandscapeRight";
				INFOPLIST_KEY_UISupportedInterfaceOrientations_iPhone = "UIInterfaceOrientationPortrait UIInterfaceOrientationLandscapeLeft UIInterfaceOrientationLandscapeRight";
				LD_RUNPATH_SEARCH_PATHS = (
					"$(inherited)",
					"@executable_path/Frameworks",
				);
				MARKETING_VERSION = 1.0;
				PRODUCT_BUNDLE_IDENTIFIER = ru.vladislav.BubbleGameTest;
				PRODUCT_NAME = "$(TARGET_NAME)";
				SWIFT_EMIT_LOC_STRINGS = YES;
				SWIFT_VERSION = 5.0;
				TARGETED_DEVICE_FAMILY = "1,2";
			};
			name = Release;
		};
/* End XCBuildConfiguration section */

/* Begin XCConfigurationList section */
		8BE650EC29B1D179008B7CCB /* Build configuration list for PBXProject "BubbleGameTest" */ = {
			isa = XCConfigurationList;
			buildConfigurations = (
				8BE6510329B1D17B008B7CCB /* Debug */,
				8BE6510429B1D17B008B7CCB /* Release */,
			);
			defaultConfigurationIsVisible = 0;
			defaultConfigurationName = Release;
		};
		8BE6510529B1D17B008B7CCB /* Build configuration list for PBXNativeTarget "BubbleGameTest" */ = {
			isa = XCConfigurationList;
			buildConfigurations = (
				8BE6510629B1D17B008B7CCB /* Debug */,
				8BE6510729B1D17B008B7CCB /* Release */,
			);
			defaultConfigurationIsVisible = 0;
			defaultConfigurationName = Release;
		};
/* End XCConfigurationList section */
	};
	rootObject = 8BE650E929B1D179008B7CCB /* Project object */;
}
